
Microsoft Visual Studio Solution File, Format Version 12.00
# Visual Studio Version 17
VisualStudioVersion = 17.10.35004.147
MinimumVisualStudioVersion = 10.0.40219.1
Project("{FAE04EC0-301F-11D3-BF4B-00C04F79EFBC}") = "IncrementalCopySync", "IncrementalCopySync\IncrementalCopySync.csproj", "{9DF36A99-E824-40BE-A103-157D766F7EF1}"
EndProject
Global
	GlobalSection(SolutionConfigurationPlatforms) = preSolution
		Debug|Any CPU = Debug|Any CPU
		Release|Any CPU = Release|Any CPU
	EndGlobalSection
	GlobalSection(ProjectConfigurationPlatforms) = postSolution
		{9DF36A99-E824-40BE-A103-157D766F7EF1}.Debug|Any CPU.ActiveCfg = Debug|Any CPU
		{9DF36A99-E824-40BE-A103-157D766F7EF1}.Debug|Any CPU.Build.0 = Debug|Any CPU
		{9DF36A99-E824-40BE-A103-157D766F7EF1}.Release|Any CPU.ActiveCfg = Release|Any CPU
		{9DF36A99-E824-40BE-A103-157D766F7EF1}.Release|Any CPU.Build.0 = Release|Any CPU
	EndGlobalSection
	GlobalSection(SolutionProperties) = preSolution
		HideSolutionNode = FALSE
	EndGlobalSection
	GlobalSection(ExtensibilityGlobals) = postSolution
		SolutionGuid = {A30D22A0-228F-4426-B8AB-6FEF63BC186F}
	EndGlobalSection
EndGlobal
